
Microsoft Visual Studio Solution File, Format Version 12.00
# Visual Studio Version 17
VisualStudioVersion = 17.8.34330.188
MinimumVisualStudioVersion = 10.0.40219.1
Project("{FAE04EC0-301F-11D3-BF4B-00C04F79EFBC}") = "bcandjira", "bcandjira.csproj", "{5D7EF4EB-74BA-4D49-ABB6-DDF3490D6DD1}"
EndProject
Global
	GlobalSection(SolutionConfigurationPlatforms) = preSolution
		Debug|Any CPU = Debug|Any CPU
		Release|Any CPU = Release|Any CPU
	EndGlobalSection
	GlobalSection(ProjectConfigurationPlatforms) = postSolution
		{5D7EF4EB-74BA-4D49-ABB6-DDF3490D6DD1}.Debug|Any CPU.ActiveCfg = Debug|Any CPU
		{5D7EF4EB-74BA-4D49-ABB6-DDF3490D6DD1}.Debug|Any CPU.Build.0 = Debug|Any CPU
		{5D7EF4EB-74BA-4D49-ABB6-DDF3490D6DD1}.Release|Any CPU.ActiveCfg = Release|Any CPU
		{5D7EF4EB-74BA-4D49-ABB6-DDF3490D6DD1}.Release|Any CPU.Build.0 = Release|Any CPU
	EndGlobalSection
	GlobalSection(SolutionProperties) = preSolution
		HideSolutionNode = FALSE
	EndGlobalSection
	GlobalSection(ExtensibilityGlobals) = postSolution
		SolutionGuid = {E2C3DF0A-E4F1-45DC-ADAE-D6D3002C6F49}
	EndGlobalSection
EndGlobal
